# This file is autogenerated, do not edit; changes may be undone by the next 'dep ensure'.


[[projects]]
  branch = "master"
  name = "github.com/AtlantPlatform/ethfw"
  packages = [
    ".",
    "sol"
  ]
  revision = "876b820784258ea5f8b99f85b9c6af257f1241fe"

[[projects]]
  name = "github.com/Sirupsen/logrus"
  packages = ["."]
  revision = "ad15b42461921f1fb3529b058c6786c6a45d5162"
  version = "v1.1.1"

[[projects]]
  name = "github.com/aristanetworks/goarista"
  packages = ["monotime"]
  revision = "ea17b1a17847fb6e4c0a91de0b674704693469b0"

[[projects]]
  name = "github.com/btcsuite/btcd"
  packages = ["btcec"]
  revision = "2e60448ffcc6bf78332d1fe590260095f554dd78"

[[projects]]
  name = "github.com/deckarep/golang-set"
  packages = ["."]
  revision = "504e848d77ea4752b3057b8fb46da0e7f746ccf3"

[[projects]]
  name = "github.com/ethereum/go-ethereum"
  packages = [
    ".",
    "accounts",
    "accounts/abi",
    "accounts/abi/bind",
    "accounts/keystore",
    "common",
    "common/hexutil",
    "common/math",
    "common/mclock",
    "common/prque",
    "core/types",
    "crypto",
    "crypto/secp256k1",
    "crypto/sha3",
    "ethclient",
    "ethdb",
    "event",
    "log",
    "metrics",
    "p2p/netutil",
    "params",
    "rlp",
    "rpc",
    "trie"
  ]
  revision = "8bbe72075e4e16442c4e28d999edee12e294329e"
  version = "v1.8.17"

[[projects]]
  name = "github.com/go-stack/stack"
  packages = ["."]
  revision = "54be5f394ed2c3e19dac9134a40a95ba5a017f7b"
  version = "v1.5.4"

[[projects]]
  branch = "master"
  name = "github.com/golang/snappy"
  packages = ["."]
  revision = "2e65f85255dbc3072edf28d6b5b8efc472979f5a"

[[projects]]
  name = "github.com/jawher/mow.cli"
  packages = [
    ".",
    "internal/container",
    "internal/flow",
    "internal/fsm",
    "internal/lexer",
    "internal/matcher",
    "internal/parser",
    "internal/values"
  ]
  revision = "2f22195f169da29d54624afd9eb83ada5c9e4ee9"
  version = "v1.0.4"

[[projects]]
  name = "github.com/konsorten/go-windows-terminal-sequences"
  packages = ["."]
  revision = "5c8c8bd35d3832f5d134ae1e1e375b69a4d25242"
  version = "v1.0.1"

[[projects]]
  name = "github.com/pborman/uuid"
  packages = ["."]
  revision = "1b00554d822231195d1babd97ff4a781231955c9"

[[projects]]
  name = "github.com/rjeczalik/notify"
  packages = ["."]
  revision = "0f065fa99b48b842c3fd3e2c8b194c6f2b69f6b8"
  version = "v0.9.1"

[[projects]]
  name = "github.com/rs/cors"
  packages = ["."]
  revision = "a62a804a8a009876ca59105f7899938a1349f4b3"
  version = "v1.0"

[[projects]]
  name = "github.com/rs/xhandler"
  packages = ["."]
  revision = "d9d9599b6aaf6a058cb7b1f48291ded2cbd13390"
  version = "v1.0"

[[projects]]
  branch = "master"
  name = "github.com/sbinet/go-eval"
  packages = ["."]
  revision = "34e015998e3222afb357e83084cdfada7b293ed0"

[[projects]]
  branch = "master"
  name = "github.com/serialx/hashring"
  packages = ["."]
  revision = "49a4782e9908fe098c907022a1bd7519c79803d6"

[[projects]]
  name = "github.com/shopspring/decimal"
  packages = ["."]
  revision = "cd690d0c9e2447b1ef2a129a6b7b49077da89b8e"
  version = "1.1.0"

[[projects]]
  name = "github.com/syndtr/goleveldb"
  packages = [
    "leveldb",
    "leveldb/cache",
    "leveldb/comparer",
    "leveldb/errors",
    "leveldb/filter",
    "leveldb/iterator",
    "leveldb/journal",
    "leveldb/memdb",
    "leveldb/opt",
    "leveldb/storage",
    "leveldb/table",
    "leveldb/util"
  ]
  revision = "c4c61651e9e37fa117f53c5a906d3b63090d8445"

[[projects]]
  name = "golang.org/x/crypto"
  packages = [
    "pbkdf2",
    "scrypt",
    "ssh/terminal"
  ]
  revision = "6a293f2d4b14b8e6d3f0539e383f6d0d30fce3fd"

[[projects]]
  branch = "master"
  name = "golang.org/x/net"
  packages = [
    "context",
    "websocket"
  ]
  revision = "04a2e542c03f1d053ab3e4d6e5abcd4b66e2be8e"

[[projects]]
  branch = "master"
  name = "golang.org/x/sys"
  packages = [
    "unix",
    "windows"
  ]
  revision = "8e24a49d80f82323e1c4db1b5da3e0f31171a151"

[[projects]]
  branch = "v2"
  name = "gopkg.in/natefinch/npipe.v2"
  packages = ["."]
  revision = "c1b8fa8bdccecb0b8db834ee0b92fdbcfa606dd6"

[solve-meta]
  analyzer-name = "dep"
  analyzer-version = 1
  inputs-digest = "e3dacedf74facb267971996810df6c5e71a087634ded7a93f4f78ec821cbf5ea"
  solver-name = "gps-cdcl"
  solver-version = 1
